// !$*UTF8*$!
{
	archiveVersion = 1;
	classes = {
	};
	objectVersion = 46;
	objects = {

/* Begin PBXBuildFile section */
		C452CD871D6305DC00CEF49A /* main.m in Sources */ = {isa = PBXBuildFile; fileRef = C452CD861D6305DC00CEF49A /* main.m */; };
		C452CD8A1D6305DC00CEF49A /* AppDelegate.m in Sources */ = {isa = PBXBuildFile; fileRef = C452CD891D6305DC00CEF49A /* AppDelegate.m */; };
		C452CD8D1D6305DC00CEF49A /* ViewController.m in Sources */ = {isa = PBXBuildFile; fileRef = C452CD8C1D6305DC00CEF49A /* ViewController.m */; };
		C452CD901D6305DC00CEF49A /* Main.storyboard in Resources */ = {isa = PBXBuildFile; fileRef = C452CD8E1D6305DC00CEF49A /* Main.storyboard */; };
		C452CD921D6305DC00CEF49A /* Assets.xcassets in Resources */ = {isa = PBXBuildFile; fileRef = C452CD911D6305DC00CEF49A /* Assets.xcassets */; };
		C452CD951D6305DC00CEF49A /* LaunchScreen.storyboard in Resources */ = {isa = PBXBuildFile; fileRef = C452CD931D6305DC00CEF49A /* LaunchScreen.storyboard */; };
/* End PBXBuildFile section */

/* Begin PBXFileReference section */
		C452CD821D6305DC00CEF49A /* chapter6_14.app */ = {isa = PBXFileReference; explicitFileType = wrapper.application; includeInIndex = 0; path = chapter6_14.app; sourceTree = BUILT_PRODUCTS_DIR; };
		C452CD861D6305DC00CEF49A /* main.m */ = {isa = PBXFileReference; lastKnownFileType = sourcecode.c.objc; path = main.m; sourceTree = "<group>"; };
		C452CD881D6305DC00CEF49A /* AppDelegate.h */ = {isa = PBXFileReference; lastKnownFileType = sourcecode.c.h; path = AppDelegate.h; sourceTree = "<group>"; };
		C452CD891D6305DC00CEF49A /* AppDelegate.m */ = {isa = PBXFileReference; lastKnownFileType = sourcecode.c.objc; path = AppDelegate.m; sourceTree = "<group>"; };
		C452CD8B1D6305DC00CEF49A /* ViewController.h */ = {isa = PBXFileReference; lastKnownFileType = sourcecode.c.h; path = ViewController.h; sourceTree = "<group>"; };
		C452CD8C1D6305DC00CEF49A /* ViewController.m */ = {isa = PBXFileReference; lastKnownFileType = sourcecode.c.objc; path = ViewController.m; sourceTree = "<group>"; };
		C452CD8F1D6305DC00CEF49A /* Base */ = {isa = PBXFileReference; lastKnownFileType = file.storyboard; name = Base; path = Base.lproj/Main.storyboard; sourceTree = "<group>"; };
		C452CD911D6305DC00CEF49A /* Assets.xcassets */ = {isa = PBXFileReference; lastKnownFileType = folder.assetcatalog; path = Assets.xcassets; sourceTree = "<group>"; };
		C452CD941D6305DC00CEF49A /* Base */ = {isa = PBXFileReference; lastKnownFileType = file.storyboard; name = Base; path = Base.lproj/LaunchScreen.storyboard; sourceTree = "<group>"; };
		C452CD961D6305DC00CEF49A /* Info.plist */ = {isa = PBXFileReference; lastKnownFileType = text.plist.xml; path = Info.plist; sourceTree = "<group>"; };
/* End PBXFileReference section */

/* Begin PBXFrameworksBuildPhase section */
		C452CD7F1D6305DC00CEF49A /* Frameworks */ = {
			isa = PBXFrameworksBuildPhase;
			buildActionMask = 2147483647;
			files = (
			);
			runOnlyForDeploymentPostprocessing = 0;
		};
/* End PBXFrameworksBuildPhase section */

/* Begin PBXGroup section */
		C452CD791D6305DB00CEF49A = {
			isa = PBXGroup;
			children = (
				C452CD841D6305DC00CEF49A /* chapter6_14 */,
				C452CD831D6305DC00CEF49A /* Products */,
			);
			sourceTree = "<group>";
		};
		C452CD831D6305DC00CEF49A /* Products */ = {
			isa = PBXGroup;
			children = (
				C452CD821D6305DC00CEF49A /* chapter6_14.app */,
			);
			name = Products;
			sourceTree = "<group>";
		};
		C452CD841D6305DC00CEF49A /* chapter6_14 */ = {
			isa = PBXGroup;
			children = (
				C452CD881D6305DC00CEF49A /* AppDelegate.h */,
				C452CD891D6305DC00CEF49A /* AppDelegate.m */,
				C452CD8B1D6305DC00CEF49A /* ViewController.h */,
				C452CD8C1D6305DC00CEF49A /* ViewController.m */,
				C452CD8E1D6305DC00CEF49A /* Main.storyboard */,
				C452CD911D6305DC00CEF49A /* Assets.xcassets */,
				C452CD931D6305DC00CEF49A /* LaunchScreen.storyboard */,
				C452CD961D6305DC00CEF49A /* Info.plist */,
				C452CD851D6305DC00CEF49A /* Supporting Files */,
			);
			path = chapter6_14;
			sourceTree = "<group>";
		};
		C452CD851D6305DC00CEF49A /* Supporting Files */ = {
			isa = PBXGroup;
			children = (
				C452CD861D6305DC00CEF49A /* main.m */,
			);
			name = "Supporting Files";
			sourceTree = "<group>";
		};
/* End PBXGroup section */

/* Begin PBXNativeTarget section */
		C452CD811D6305DC00CEF49A /* chapter6_14 */ = {
			isa = PBXNativeTarget;
			buildConfigurationList = C452CD991D6305DC00CEF49A /* Build configuration list for PBXNativeTarget "chapter6_14" */;
			buildPhases = (
				C452CD7E1D6305DC00CEF49A /* Sources */,
				C452CD7F1D6305DC00CEF49A /* Frameworks */,
				C452CD801D6305DC00CEF49A /* Resources */,
			);
			buildRules = (
			);
			dependencies = (
			);
			name = chapter6_14;
			productName = chapter6_14;
			productReference = C452CD821D6305DC00CEF49A /* chapter6_14.app */;
			productType = "com.apple.product-type.application";
		};
/* End PBXNativeTarget section */

/* Begin PBXProject section */
		C452CD7A1D6305DB00CEF49A /* Project object */ = {
			isa = PBXProject;
			attributes = {
				LastUpgradeCheck = 0730;
				ORGANIZATIONNAME = zmx;
				TargetAttributes = {
					C452CD811D6305DC00CEF49A = {
						CreatedOnToolsVersion = 7.3.1;
					};
				};
			};
			buildConfigurationList = C452CD7D1D6305DB00CEF49A /* Build configuration list for PBXProject "chapter6_14" */;
			compatibilityVersion = "Xcode 3.2";
			developmentRegion = English;
			hasScannedForEncodings = 0;
			knownRegions = (
				en,
				Base,
			);
			mainGroup = C452CD791D6305DB00CEF49A;
			productRefGroup = C452CD831D6305DC00CEF49A /* Products */;
			projectDirPath = "";
			projectRoot = "";
			targets = (
				C452CD811D6305DC00CEF49A /* chapter6_14 */,
			);
		};
/* End PBXProject section */

/* Begin PBXResourcesBuildPhase section */
		C452CD801D6305DC00CEF49A /* Resources */ = {
			isa = PBXResourcesBuildPhase;
			buildActionMask = 2147483647;
			files = (
				C452CD951D6305DC00CEF49A /* LaunchScreen.storyboard in Resources */,
				C452CD921D6305DC00CEF49A /* Assets.xcassets in Resources */,
				C452CD901D6305DC00CEF49A /* Main.storyboard in Resources */,
			);
			runOnlyForDeploymentPostprocessing = 0;
		};
/* End PBXResourcesBuildPhase section */

/* Begin PBXSourcesBuildPhase section */
		C452CD7E1D6305DC00CEF49A /* Sources */ = {
			isa = PBXSourcesBuildPhase;
			buildActionMask = 2147483647;
			files = (
				C452CD8D1D6305DC00CEF49A /* ViewController.m in Sources */,
				C452CD8A1D6305DC00CEF49A /* AppDelegate.m in Sources */,
				C452CD871D6305DC00CEF49A /* main.m in Sources */,
			);
			runOnlyForDeploymentPostprocessing = 0;
		};
/* End PBXSourcesBuildPhase section */

/* Begin PBXVariantGroup section */
		C452CD8E1D6305DC00CEF49A /* Main.storyboard */ = {
			isa = PBXVariantGroup;
			children = (
				C452CD8F1D6305DC00CEF49A /* Base */,
			);
			name = Main.storyboard;
			sourceTree = "<group>";
		};
		C452CD931D6305DC00CEF49A /* LaunchScreen.storyboard */ = {
			isa = PBXVariantGroup;
			children = (
				C452CD941D6305DC00CEF49A /* Base */,
			);
			name = LaunchScreen.storyboard;
			sourceTree = "<group>";
		};
/* End PBXVariantGroup section */

/* Begin XCBuildConfiguration section */
		C452CD971D6305DC00CEF49A /* Debug */ = {
			isa = XCBuildConfiguration;
			buildSettings = {
				ALWAYS_SEARCH_USER_PATHS = NO;
				CLANG_ANALYZER_NONNULL = YES;
				CLANG_CXX_LANGUAGE_STANDARD = "gnu++0x";
				CLANG_CXX_LIBRARY = "libc++";
				CLANG_ENABLE_MODULES = YES;
				CLANG_ENABLE_OBJC_ARC = YES;
				CLANG_WARN_BOOL_CONVERSION = YES;
				CLANG_WARN_CONSTANT_CONVERSION = YES;
				CLANG_WARN_DIRECT_OBJC_ISA_USAGE = YES_ERROR;
				CLANG_WARN_EMPTY_BODY = YES;
				CLANG_WARN_ENUM_CONVERSION = YES;
				CLANG_WARN_INT_CONVERSION = YES;
				CLANG_WARN_OBJC_ROOT_CLASS = YES_ERROR;
				CLANG_WARN_UNREACHABLE_CODE = YES;
				CLANG_WARN__DUPLICATE_METHOD_MATCH = YES;
				"CODE_SIGN_IDENTITY[sdk=iphoneos*]" = "iPhone Developer";
				COPY_PHASE_STRIP = NO;
				DEBUG_INFORMATION_FORMAT = dwarf;
				ENABLE_STRICT_OBJC_MSGSEND = YES;
				ENABLE_TESTABILITY = YES;
				GCC_C_LANGUAGE_STANDARD = gnu99;
				GCC_DYNAMIC_NO_PIC = NO;
				GCC_NO_COMMON_BLOCKS = YES;
				GCC_OPTIMIZATION_LEVEL = 0;
				GCC_PREPROCESSOR_DEFINITIONS = (
					"DEBUG=1",
					"$(inherited)",
				);
				GCC_WARN_64_TO_32_BIT_CONVERSION = YES;
				GCC_WARN_ABOUT_RETURN_TYPE = YES_ERROR;
				GCC_WARN_UNDECLARED_SELECTOR = YES;
				GCC_WARN_UNINITIALIZED_AUTOS = YES_AGGRESSIVE;
				GCC_WARN_UNUSED_FUNCTION = YES;
				GCC_WARN_UNUSED_VARIABLE = YES;
				IPHONEOS_DEPLOYMENT_TARGET = 9.3;
				MTL_ENABLE_DEBUG_INFO = YES;
				ONLY_ACTIVE_ARCH = YES;
				SDKROOT = iphoneos;
				TARGETED_DEVICE_FAMILY = "1,2";
			};
			name = Debug;
		};
		C452CD981D6305DC00CEF49A /* Release */ = {
			isa = XCBuildConfiguration;
			buildSettings = {
				ALWAYS_SEARCH_USER_PATHS = NO;
				CLANG_ANALYZER_NONNULL = YES;
				CLANG_CXX_LANGUAGE_STANDARD = "gnu++0x";
				CLANG_CXX_LIBRARY = "libc++";
				CLANG_ENABLE_MODULES = YES;
				CLANG_ENABLE_OBJC_ARC = YES;
				CLANG_WARN_BOOL_CONVERSION = YES;
				CLANG_WARN_CONSTANT_CONVERSION = YES;
				CLANG_WARN_DIRECT_OBJC_ISA_USAGE = YES_ERROR;
				CLANG_WARN_EMPTY_BODY = YES;
				CLANG_WARN_ENUM_CONVERSION = YES;
				CLANG_WARN_INT_CONVERSION = YES;
				CLANG_WARN_OBJC_ROOT_CLASS = YES_ERROR;
				CLANG_WARN_UNREACHABLE_CODE = YES;
				CLANG_WARN__DUPLICATE_METHOD_MATCH = YES;
				"CODE_SIGN_IDENTITY[sdk=iphoneos*]" = "iPhone Developer";
				COPY_PHASE_STRIP = NO;
				DEBUG_INFORMATION_FORMAT = "dwarf-with-dsym";
				ENABLE_NS_ASSERTIONS = NO;
				ENABLE_STRICT_OBJC_MSGSEND = YES;
				GCC_C_LANGUAGE_STANDARD = gnu99;
				GCC_NO_COMMON_BLOCKS = YES;
				GCC_WARN_64_TO_32_BIT_CONVERSION = YES;
				GCC_WARN_ABOUT_RETURN_TYPE = YES_ERROR;
				GCC_WARN_UNDECLARED_SELECTOR = YES;
				GCC_WARN_UNINITIALIZED_AUTOS = YES_AGGRESSIVE;
				GCC_WARN_UNUSED_FUNCTION = YES;
				GCC_WARN_UNUSED_VARIABLE = YES;
				IPHONEOS_DEPLOYMENT_TARGET = 9.3;
				MTL_ENABLE_DEBUG_INFO = NO;
				SDKROOT = iphoneos;
				TARGETED_DEVICE_FAMILY = "1,2";
				VALIDATE_PRODUCT = YES;
			};
			name = Release;
		};
		C452CD9A1D6305DC00CEF49A /* Debug */ = {
			isa = XCBuildConfiguration;
			buildSettings = {
				ASSETCATALOG_COMPILER_APPICON_NAME = AppIcon;
				INFOPLIST_FILE = chapter6_14/Info.plist;
				LD_RUNPATH_SEARCH_PATHS = "$(inherited) @executable_path/Frameworks";
				PRODUCT_BUNDLE_IDENTIFIER = "com.rong360.chapter6-14";
				PRODUCT_NAME = "$(TARGET_NAME)";
			};
			name = Debug;
		};
		C452CD9B1D6305DC00CEF49A /* Release */ = {
			isa = XCBuildConfiguration;
			buildSettings = {
				ASSETCATALOG_COMPILER_APPICON_NAME = AppIcon;
				INFOPLIST_FILE = chapter6_14/Info.plist;
				LD_RUNPATH_SEARCH_PATHS = "$(inherited) @executable_path/Frameworks";
				PRODUCT_BUNDLE_IDENTIFIER = "com.rong360.chapter6-14";
				PRODUCT_NAME = "$(TARGET_NAME)";
			};
			name = Release;
		};
/* End XCBuildConfiguration section */

/* Begin XCConfigurationList section */
		C452CD7D1D6305DB00CEF49A /* Build configuration list for PBXProject "chapter6_14" */ = {
			isa = XCConfigurationList;
			buildConfigurations = (
				C452CD971D6305DC00CEF49A /* Debug */,
				C452CD981D6305DC00CEF49A /* Release */,
			);
			defaultConfigurationIsVisible = 0;
			defaultConfigurationName = Release;
		};
		C452CD991D6305DC00CEF49A /* Build configuration list for PBXNativeTarget "chapter6_14" */ = {
			isa = XCConfigurationList;
			buildConfigurations = (
				C452CD9A1D6305DC00CEF49A /* Debug */,
				C452CD9B1D6305DC00CEF49A /* Release */,
			);
			defaultConfigurationIsVisible = 0;
		};
/* End XCConfigurationList section */
	};
	rootObject = C452CD7A1D6305DB00CEF49A /* Project object */;
}
