// !$*UTF8*$!
{
	archiveVersion = 1;
	classes = {
	};
	objectVersion = 46;
	objects = {

/* Begin PBXBuildFile section */
		C431F37D1F13238C0058E07D /* main.m in Sources */ = {isa = PBXBuildFile; fileRef = C431F37C1F13238C0058E07D /* main.m */; };
		C431F3801F13238C0058E07D /* AppDelegate.m in Sources */ = {isa = PBXBuildFile; fileRef = C431F37F1F13238C0058E07D /* AppDelegate.m */; };
		C431F3831F13238C0058E07D /* ViewController.m in Sources */ = {isa = PBXBuildFile; fileRef = C431F3821F13238C0058E07D /* ViewController.m */; };
		C431F3861F13238C0058E07D /* Main.storyboard in Resources */ = {isa = PBXBuildFile; fileRef = C431F3841F13238C0058E07D /* Main.storyboard */; };
		C431F3881F13238C0058E07D /* Assets.xcassets in Resources */ = {isa = PBXBuildFile; fileRef = C431F3871F13238C0058E07D /* Assets.xcassets */; };
		C431F38B1F13238C0058E07D /* LaunchScreen.storyboard in Resources */ = {isa = PBXBuildFile; fileRef = C431F3891F13238C0058E07D /* LaunchScreen.storyboard */; };
/* End PBXBuildFile section */

/* Begin PBXFileReference section */
		C431F3781F13238C0058E07D /* chapter7_7.app */ = {isa = PBXFileReference; explicitFileType = wrapper.application; includeInIndex = 0; path = chapter7_7.app; sourceTree = BUILT_PRODUCTS_DIR; };
		C431F37C1F13238C0058E07D /* main.m */ = {isa = PBXFileReference; lastKnownFileType = sourcecode.c.objc; path = main.m; sourceTree = "<group>"; };
		C431F37E1F13238C0058E07D /* AppDelegate.h */ = {isa = PBXFileReference; lastKnownFileType = sourcecode.c.h; path = AppDelegate.h; sourceTree = "<group>"; };
		C431F37F1F13238C0058E07D /* AppDelegate.m */ = {isa = PBXFileReference; lastKnownFileType = sourcecode.c.objc; path = AppDelegate.m; sourceTree = "<group>"; };
		C431F3811F13238C0058E07D /* ViewController.h */ = {isa = PBXFileReference; lastKnownFileType = sourcecode.c.h; path = ViewController.h; sourceTree = "<group>"; };
		C431F3821F13238C0058E07D /* ViewController.m */ = {isa = PBXFileReference; lastKnownFileType = sourcecode.c.objc; path = ViewController.m; sourceTree = "<group>"; };
		C431F3851F13238C0058E07D /* Base */ = {isa = PBXFileReference; lastKnownFileType = file.storyboard; name = Base; path = Base.lproj/Main.storyboard; sourceTree = "<group>"; };
		C431F3871F13238C0058E07D /* Assets.xcassets */ = {isa = PBXFileReference; lastKnownFileType = folder.assetcatalog; path = Assets.xcassets; sourceTree = "<group>"; };
		C431F38A1F13238C0058E07D /* Base */ = {isa = PBXFileReference; lastKnownFileType = file.storyboard; name = Base; path = Base.lproj/LaunchScreen.storyboard; sourceTree = "<group>"; };
		C431F38C1F13238C0058E07D /* Info.plist */ = {isa = PBXFileReference; lastKnownFileType = text.plist.xml; path = Info.plist; sourceTree = "<group>"; };
/* End PBXFileReference section */

/* Begin PBXFrameworksBuildPhase section */
		C431F3751F13238C0058E07D /* Frameworks */ = {
			isa = PBXFrameworksBuildPhase;
			buildActionMask = 2147483647;
			files = (
			);
			runOnlyForDeploymentPostprocessing = 0;
		};
/* End PBXFrameworksBuildPhase section */

/* Begin PBXGroup section */
		C431F36F1F13238C0058E07D = {
			isa = PBXGroup;
			children = (
				C431F37A1F13238C0058E07D /* chapter7_7 */,
				C431F3791F13238C0058E07D /* Products */,
			);
			sourceTree = "<group>";
		};
		C431F3791F13238C0058E07D /* Products */ = {
			isa = PBXGroup;
			children = (
				C431F3781F13238C0058E07D /* chapter7_7.app */,
			);
			name = Products;
			sourceTree = "<group>";
		};
		C431F37A1F13238C0058E07D /* chapter7_7 */ = {
			isa = PBXGroup;
			children = (
				C431F37E1F13238C0058E07D /* AppDelegate.h */,
				C431F37F1F13238C0058E07D /* AppDelegate.m */,
				C431F3811F13238C0058E07D /* ViewController.h */,
				C431F3821F13238C0058E07D /* ViewController.m */,
				C431F3841F13238C0058E07D /* Main.storyboard */,
				C431F3871F13238C0058E07D /* Assets.xcassets */,
				C431F3891F13238C0058E07D /* LaunchScreen.storyboard */,
				C431F38C1F13238C0058E07D /* Info.plist */,
				C431F37B1F13238C0058E07D /* Supporting Files */,
			);
			path = chapter7_7;
			sourceTree = "<group>";
		};
		C431F37B1F13238C0058E07D /* Supporting Files */ = {
			isa = PBXGroup;
			children = (
				C431F37C1F13238C0058E07D /* main.m */,
			);
			name = "Supporting Files";
			sourceTree = "<group>";
		};
/* End PBXGroup section */

/* Begin PBXNativeTarget section */
		C431F3771F13238C0058E07D /* chapter7_7 */ = {
			isa = PBXNativeTarget;
			buildConfigurationList = C431F38F1F13238C0058E07D /* Build configuration list for PBXNativeTarget "chapter7_7" */;
			buildPhases = (
				C431F3741F13238C0058E07D /* Sources */,
				C431F3751F13238C0058E07D /* Frameworks */,
				C431F3761F13238C0058E07D /* Resources */,
			);
			buildRules = (
			);
			dependencies = (
			);
			name = chapter7_7;
			productName = chapter7_7;
			productReference = C431F3781F13238C0058E07D /* chapter7_7.app */;
			productType = "com.apple.product-type.application";
		};
/* End PBXNativeTarget section */

/* Begin PBXProject section */
		C431F3701F13238C0058E07D /* Project object */ = {
			isa = PBXProject;
			attributes = {
				LastUpgradeCheck = 0830;
				ORGANIZATIONNAME = zmx;
				TargetAttributes = {
					C431F3771F13238C0058E07D = {
						CreatedOnToolsVersion = 8.3.2;
						DevelopmentTeam = G8KFD5U329;
						ProvisioningStyle = Automatic;
					};
				};
			};
			buildConfigurationList = C431F3731F13238C0058E07D /* Build configuration list for PBXProject "chapter7_7" */;
			compatibilityVersion = "Xcode 3.2";
			developmentRegion = English;
			hasScannedForEncodings = 0;
			knownRegions = (
				en,
				Base,
			);
			mainGroup = C431F36F1F13238C0058E07D;
			productRefGroup = C431F3791F13238C0058E07D /* Products */;
			projectDirPath = "";
			projectRoot = "";
			targets = (
				C431F3771F13238C0058E07D /* chapter7_7 */,
			);
		};
/* End PBXProject section */

/* Begin PBXResourcesBuildPhase section */
		C431F3761F13238C0058E07D /* Resources */ = {
			isa = PBXResourcesBuildPhase;
			buildActionMask = 2147483647;
			files = (
				C431F38B1F13238C0058E07D /* LaunchScreen.storyboard in Resources */,
				C431F3881F13238C0058E07D /* Assets.xcassets in Resources */,
				C431F3861F13238C0058E07D /* Main.storyboard in Resources */,
			);
			runOnlyForDeploymentPostprocessing = 0;
		};
/* End PBXResourcesBuildPhase section */

/* Begin PBXSourcesBuildPhase section */
		C431F3741F13238C0058E07D /* Sources */ = {
			isa = PBXSourcesBuildPhase;
			buildActionMask = 2147483647;
			files = (
				C431F3831F13238C0058E07D /* ViewController.m in Sources */,
				C431F3801F13238C0058E07D /* AppDelegate.m in Sources */,
				C431F37D1F13238C0058E07D /* main.m in Sources */,
			);
			runOnlyForDeploymentPostprocessing = 0;
		};
/* End PBXSourcesBuildPhase section */

/* Begin PBXVariantGroup section */
		C431F3841F13238C0058E07D /* Main.storyboard */ = {
			isa = PBXVariantGroup;
			children = (
				C431F3851F13238C0058E07D /* Base */,
			);
			name = Main.storyboard;
			sourceTree = "<group>";
		};
		C431F3891F13238C0058E07D /* LaunchScreen.storyboard */ = {
			isa = PBXVariantGroup;
			children = (
				C431F38A1F13238C0058E07D /* Base */,
			);
			name = LaunchScreen.storyboard;
			sourceTree = "<group>";
		};
/* End PBXVariantGroup section */

/* Begin XCBuildConfiguration section */
		C431F38D1F13238C0058E07D /* Debug */ = {
			isa = XCBuildConfiguration;
			buildSettings = {
				ALWAYS_SEARCH_USER_PATHS = NO;
				CLANG_ANALYZER_NONNULL = YES;
				CLANG_ANALYZER_NUMBER_OBJECT_CONVERSION = YES_AGGRESSIVE;
				CLANG_CXX_LANGUAGE_STANDARD = "gnu++0x";
				CLANG_CXX_LIBRARY = "libc++";
				CLANG_ENABLE_MODULES = YES;
				CLANG_ENABLE_OBJC_ARC = YES;
				CLANG_WARN_BOOL_CONVERSION = YES;
				CLANG_WARN_CONSTANT_CONVERSION = YES;
				CLANG_WARN_DIRECT_OBJC_ISA_USAGE = YES_ERROR;
				CLANG_WARN_DOCUMENTATION_COMMENTS = YES;
				CLANG_WARN_EMPTY_BODY = YES;
				CLANG_WARN_ENUM_CONVERSION = YES;
				CLANG_WARN_INFINITE_RECURSION = YES;
				CLANG_WARN_INT_CONVERSION = YES;
				CLANG_WARN_OBJC_ROOT_CLASS = YES_ERROR;
				CLANG_WARN_SUSPICIOUS_MOVE = YES;
				CLANG_WARN_UNREACHABLE_CODE = YES;
				CLANG_WARN__DUPLICATE_METHOD_MATCH = YES;
				"CODE_SIGN_IDENTITY[sdk=iphoneos*]" = "iPhone Developer";
				COPY_PHASE_STRIP = NO;
				DEBUG_INFORMATION_FORMAT = dwarf;
				ENABLE_STRICT_OBJC_MSGSEND = YES;
				ENABLE_TESTABILITY = YES;
				GCC_C_LANGUAGE_STANDARD = gnu99;
				GCC_DYNAMIC_NO_PIC = NO;
				GCC_NO_COMMON_BLOCKS = YES;
				GCC_OPTIMIZATION_LEVEL = 0;
				GCC_PREPROCESSOR_DEFINITIONS = (
					"DEBUG=1",
					"$(inherited)",
				);
				GCC_WARN_64_TO_32_BIT_CONVERSION = YES;
				GCC_WARN_ABOUT_RETURN_TYPE = YES_ERROR;
				GCC_WARN_UNDECLARED_SELECTOR = YES;
				GCC_WARN_UNINITIALIZED_AUTOS = YES_AGGRESSIVE;
				GCC_WARN_UNUSED_FUNCTION = YES;
				GCC_WARN_UNUSED_VARIABLE = YES;
				IPHONEOS_DEPLOYMENT_TARGET = 10.3;
				MTL_ENABLE_DEBUG_INFO = YES;
				ONLY_ACTIVE_ARCH = YES;
				SDKROOT = iphoneos;
				TARGETED_DEVICE_FAMILY = "1,2";
			};
			name = Debug;
		};
		C431F38E1F13238C0058E07D /* Release */ = {
			isa = XCBuildConfiguration;
			buildSettings = {
				ALWAYS_SEARCH_USER_PATHS = NO;
				CLANG_ANALYZER_NONNULL = YES;
				CLANG_ANALYZER_NUMBER_OBJECT_CONVERSION = YES_AGGRESSIVE;
				CLANG_CXX_LANGUAGE_STANDARD = "gnu++0x";
				CLANG_CXX_LIBRARY = "libc++";
				CLANG_ENABLE_MODULES = YES;
				CLANG_ENABLE_OBJC_ARC = YES;
				CLANG_WARN_BOOL_CONVERSION = YES;
				CLANG_WARN_CONSTANT_CONVERSION = YES;
				CLANG_WARN_DIRECT_OBJC_ISA_USAGE = YES_ERROR;
				CLANG_WARN_DOCUMENTATION_COMMENTS = YES;
				CLANG_WARN_EMPTY_BODY = YES;
				CLANG_WARN_ENUM_CONVERSION = YES;
				CLANG_WARN_INFINITE_RECURSION = YES;
				CLANG_WARN_INT_CONVERSION = YES;
				CLANG_WARN_OBJC_ROOT_CLASS = YES_ERROR;
				CLANG_WARN_SUSPICIOUS_MOVE = YES;
				CLANG_WARN_UNREACHABLE_CODE = YES;
				CLANG_WARN__DUPLICATE_METHOD_MATCH = YES;
				"CODE_SIGN_IDENTITY[sdk=iphoneos*]" = "iPhone Developer";
				COPY_PHASE_STRIP = NO;
				DEBUG_INFORMATION_FORMAT = "dwarf-with-dsym";
				ENABLE_NS_ASSERTIONS = NO;
				ENABLE_STRICT_OBJC_MSGSEND = YES;
				GCC_C_LANGUAGE_STANDARD = gnu99;
				GCC_NO_COMMON_BLOCKS = YES;
				GCC_WARN_64_TO_32_BIT_CONVERSION = YES;
				GCC_WARN_ABOUT_RETURN_TYPE = YES_ERROR;
				GCC_WARN_UNDECLARED_SELECTOR = YES;
				GCC_WARN_UNINITIALIZED_AUTOS = YES_AGGRESSIVE;
				GCC_WARN_UNUSED_FUNCTION = YES;
				GCC_WARN_UNUSED_VARIABLE = YES;
				IPHONEOS_DEPLOYMENT_TARGET = 10.3;
				MTL_ENABLE_DEBUG_INFO = NO;
				SDKROOT = iphoneos;
				TARGETED_DEVICE_FAMILY = "1,2";
				VALIDATE_PRODUCT = YES;
			};
			name = Release;
		};
		C431F3901F13238C0058E07D /* Debug */ = {
			isa = XCBuildConfiguration;
			buildSettings = {
				ASSETCATALOG_COMPILER_APPICON_NAME = AppIcon;
				DEVELOPMENT_TEAM = G8KFD5U329;
				INFOPLIST_FILE = chapter7_7/Info.plist;
				LD_RUNPATH_SEARCH_PATHS = "$(inherited) @executable_path/Frameworks";
				PRODUCT_BUNDLE_IDENTIFIER = "rong360.chapter7-7";
				PRODUCT_NAME = "$(TARGET_NAME)";
			};
			name = Debug;
		};
		C431F3911F13238C0058E07D /* Release */ = {
			isa = XCBuildConfiguration;
			buildSettings = {
				ASSETCATALOG_COMPILER_APPICON_NAME = AppIcon;
				DEVELOPMENT_TEAM = G8KFD5U329;
				INFOPLIST_FILE = chapter7_7/Info.plist;
				LD_RUNPATH_SEARCH_PATHS = "$(inherited) @executable_path/Frameworks";
				PRODUCT_BUNDLE_IDENTIFIER = "rong360.chapter7-7";
				PRODUCT_NAME = "$(TARGET_NAME)";
			};
			name = Release;
		};
/* End XCBuildConfiguration section */

/* Begin XCConfigurationList section */
		C431F3731F13238C0058E07D /* Build configuration list for PBXProject "chapter7_7" */ = {
			isa = XCConfigurationList;
			buildConfigurations = (
				C431F38D1F13238C0058E07D /* Debug */,
				C431F38E1F13238C0058E07D /* Release */,
			);
			defaultConfigurationIsVisible = 0;
			defaultConfigurationName = Release;
		};
		C431F38F1F13238C0058E07D /* Build configuration list for PBXNativeTarget "chapter7_7" */ = {
			isa = XCConfigurationList;
			buildConfigurations = (
				C431F3901F13238C0058E07D /* Debug */,
				C431F3911F13238C0058E07D /* Release */,
			);
			defaultConfigurationIsVisible = 0;
		};
/* End XCConfigurationList section */
	};
	rootObject = C431F3701F13238C0058E07D /* Project object */;
}
