// !$*UTF8*$!
{
	archiveVersion = 1;
	classes = {
	};
	objectVersion = 46;
	objects = {

/* Begin PBXBuildFile section */
		C42BDAC01D07E9D700DD3802 /* main.m in Sources */ = {isa = PBXBuildFile; fileRef = C42BDABF1D07E9D700DD3802 /* main.m */; };
		C42BDAC31D07E9D700DD3802 /* AppDelegate.m in Sources */ = {isa = PBXBuildFile; fileRef = C42BDAC21D07E9D700DD3802 /* AppDelegate.m */; };
		C42BDAC61D07E9D700DD3802 /* ViewController.m in Sources */ = {isa = PBXBuildFile; fileRef = C42BDAC51D07E9D700DD3802 /* ViewController.m */; };
		C42BDAC91D07E9D700DD3802 /* Main.storyboard in Resources */ = {isa = PBXBuildFile; fileRef = C42BDAC71D07E9D700DD3802 /* Main.storyboard */; };
		C42BDACB1D07E9D700DD3802 /* Assets.xcassets in Resources */ = {isa = PBXBuildFile; fileRef = C42BDACA1D07E9D700DD3802 /* Assets.xcassets */; };
		C42BDACE1D07E9D700DD3802 /* LaunchScreen.storyboard in Resources */ = {isa = PBXBuildFile; fileRef = C42BDACC1D07E9D700DD3802 /* LaunchScreen.storyboard */; };
		C42BDAD61D07EEDF00DD3802 /* spark.png in Resources */ = {isa = PBXBuildFile; fileRef = C42BDAD51D07EEDF00DD3802 /* spark.png */; };
/* End PBXBuildFile section */

/* Begin PBXFileReference section */
		C42BDABB1D07E9D600DD3802 /* chapter6_10.app */ = {isa = PBXFileReference; explicitFileType = wrapper.application; includeInIndex = 0; path = chapter6_10.app; sourceTree = BUILT_PRODUCTS_DIR; };
		C42BDABF1D07E9D700DD3802 /* main.m */ = {isa = PBXFileReference; lastKnownFileType = sourcecode.c.objc; path = main.m; sourceTree = "<group>"; };
		C42BDAC11D07E9D700DD3802 /* AppDelegate.h */ = {isa = PBXFileReference; lastKnownFileType = sourcecode.c.h; path = AppDelegate.h; sourceTree = "<group>"; };
		C42BDAC21D07E9D700DD3802 /* AppDelegate.m */ = {isa = PBXFileReference; lastKnownFileType = sourcecode.c.objc; path = AppDelegate.m; sourceTree = "<group>"; };
		C42BDAC41D07E9D700DD3802 /* ViewController.h */ = {isa = PBXFileReference; lastKnownFileType = sourcecode.c.h; path = ViewController.h; sourceTree = "<group>"; };
		C42BDAC51D07E9D700DD3802 /* ViewController.m */ = {isa = PBXFileReference; lastKnownFileType = sourcecode.c.objc; path = ViewController.m; sourceTree = "<group>"; };
		C42BDAC81D07E9D700DD3802 /* Base */ = {isa = PBXFileReference; lastKnownFileType = file.storyboard; name = Base; path = Base.lproj/Main.storyboard; sourceTree = "<group>"; };
		C42BDACA1D07E9D700DD3802 /* Assets.xcassets */ = {isa = PBXFileReference; lastKnownFileType = folder.assetcatalog; path = Assets.xcassets; sourceTree = "<group>"; };
		C42BDACD1D07E9D700DD3802 /* Base */ = {isa = PBXFileReference; lastKnownFileType = file.storyboard; name = Base; path = Base.lproj/LaunchScreen.storyboard; sourceTree = "<group>"; };
		C42BDACF1D07E9D700DD3802 /* Info.plist */ = {isa = PBXFileReference; lastKnownFileType = text.plist.xml; path = Info.plist; sourceTree = "<group>"; };
		C42BDAD51D07EEDF00DD3802 /* spark.png */ = {isa = PBXFileReference; lastKnownFileType = image.png; path = spark.png; sourceTree = "<group>"; };
/* End PBXFileReference section */

/* Begin PBXFrameworksBuildPhase section */
		C42BDAB81D07E9D600DD3802 /* Frameworks */ = {
			isa = PBXFrameworksBuildPhase;
			buildActionMask = 2147483647;
			files = (
			);
			runOnlyForDeploymentPostprocessing = 0;
		};
/* End PBXFrameworksBuildPhase section */

/* Begin PBXGroup section */
		C42BDAB21D07E9D600DD3802 = {
			isa = PBXGroup;
			children = (
				C42BDABD1D07E9D700DD3802 /* chapter6_10 */,
				C42BDABC1D07E9D600DD3802 /* Products */,
			);
			sourceTree = "<group>";
		};
		C42BDABC1D07E9D600DD3802 /* Products */ = {
			isa = PBXGroup;
			children = (
				C42BDABB1D07E9D600DD3802 /* chapter6_10.app */,
			);
			name = Products;
			sourceTree = "<group>";
		};
		C42BDABD1D07E9D700DD3802 /* chapter6_10 */ = {
			isa = PBXGroup;
			children = (
				C42BDAC11D07E9D700DD3802 /* AppDelegate.h */,
				C42BDAC21D07E9D700DD3802 /* AppDelegate.m */,
				C42BDAC41D07E9D700DD3802 /* ViewController.h */,
				C42BDAC51D07E9D700DD3802 /* ViewController.m */,
				C42BDAD51D07EEDF00DD3802 /* spark.png */,
				C42BDAC71D07E9D700DD3802 /* Main.storyboard */,
				C42BDACA1D07E9D700DD3802 /* Assets.xcassets */,
				C42BDACC1D07E9D700DD3802 /* LaunchScreen.storyboard */,
				C42BDACF1D07E9D700DD3802 /* Info.plist */,
				C42BDABE1D07E9D700DD3802 /* Supporting Files */,
			);
			path = chapter6_10;
			sourceTree = "<group>";
		};
		C42BDABE1D07E9D700DD3802 /* Supporting Files */ = {
			isa = PBXGroup;
			children = (
				C42BDABF1D07E9D700DD3802 /* main.m */,
			);
			name = "Supporting Files";
			sourceTree = "<group>";
		};
/* End PBXGroup section */

/* Begin PBXNativeTarget section */
		C42BDABA1D07E9D600DD3802 /* chapter6_10 */ = {
			isa = PBXNativeTarget;
			buildConfigurationList = C42BDAD21D07E9D700DD3802 /* Build configuration list for PBXNativeTarget "chapter6_10" */;
			buildPhases = (
				C42BDAB71D07E9D600DD3802 /* Sources */,
				C42BDAB81D07E9D600DD3802 /* Frameworks */,
				C42BDAB91D07E9D600DD3802 /* Resources */,
			);
			buildRules = (
			);
			dependencies = (
			);
			name = chapter6_10;
			productName = chapter6_10;
			productReference = C42BDABB1D07E9D600DD3802 /* chapter6_10.app */;
			productType = "com.apple.product-type.application";
		};
/* End PBXNativeTarget section */

/* Begin PBXProject section */
		C42BDAB31D07E9D600DD3802 /* Project object */ = {
			isa = PBXProject;
			attributes = {
				LastUpgradeCheck = 0720;
				ORGANIZATIONNAME = zmx;
				TargetAttributes = {
					C42BDABA1D07E9D600DD3802 = {
						CreatedOnToolsVersion = 7.2.1;
						DevelopmentTeam = G8KFD5U329;
					};
				};
			};
			buildConfigurationList = C42BDAB61D07E9D600DD3802 /* Build configuration list for PBXProject "chapter6_10" */;
			compatibilityVersion = "Xcode 3.2";
			developmentRegion = English;
			hasScannedForEncodings = 0;
			knownRegions = (
				en,
				Base,
			);
			mainGroup = C42BDAB21D07E9D600DD3802;
			productRefGroup = C42BDABC1D07E9D600DD3802 /* Products */;
			projectDirPath = "";
			projectRoot = "";
			targets = (
				C42BDABA1D07E9D600DD3802 /* chapter6_10 */,
			);
		};
/* End PBXProject section */

/* Begin PBXResourcesBuildPhase section */
		C42BDAB91D07E9D600DD3802 /* Resources */ = {
			isa = PBXResourcesBuildPhase;
			buildActionMask = 2147483647;
			files = (
				C42BDACE1D07E9D700DD3802 /* LaunchScreen.storyboard in Resources */,
				C42BDAD61D07EEDF00DD3802 /* spark.png in Resources */,
				C42BDACB1D07E9D700DD3802 /* Assets.xcassets in Resources */,
				C42BDAC91D07E9D700DD3802 /* Main.storyboard in Resources */,
			);
			runOnlyForDeploymentPostprocessing = 0;
		};
/* End PBXResourcesBuildPhase section */

/* Begin PBXSourcesBuildPhase section */
		C42BDAB71D07E9D600DD3802 /* Sources */ = {
			isa = PBXSourcesBuildPhase;
			buildActionMask = 2147483647;
			files = (
				C42BDAC61D07E9D700DD3802 /* ViewController.m in Sources */,
				C42BDAC31D07E9D700DD3802 /* AppDelegate.m in Sources */,
				C42BDAC01D07E9D700DD3802 /* main.m in Sources */,
			);
			runOnlyForDeploymentPostprocessing = 0;
		};
/* End PBXSourcesBuildPhase section */

/* Begin PBXVariantGroup section */
		C42BDAC71D07E9D700DD3802 /* Main.storyboard */ = {
			isa = PBXVariantGroup;
			children = (
				C42BDAC81D07E9D700DD3802 /* Base */,
			);
			name = Main.storyboard;
			sourceTree = "<group>";
		};
		C42BDACC1D07E9D700DD3802 /* LaunchScreen.storyboard */ = {
			isa = PBXVariantGroup;
			children = (
				C42BDACD1D07E9D700DD3802 /* Base */,
			);
			name = LaunchScreen.storyboard;
			sourceTree = "<group>";
		};
/* End PBXVariantGroup section */

/* Begin XCBuildConfiguration section */
		C42BDAD01D07E9D700DD3802 /* Debug */ = {
			isa = XCBuildConfiguration;
			buildSettings = {
				ALWAYS_SEARCH_USER_PATHS = NO;
				CLANG_CXX_LANGUAGE_STANDARD = "gnu++0x";
				CLANG_CXX_LIBRARY = "libc++";
				CLANG_ENABLE_MODULES = YES;
				CLANG_ENABLE_OBJC_ARC = YES;
				CLANG_WARN_BOOL_CONVERSION = YES;
				CLANG_WARN_CONSTANT_CONVERSION = YES;
				CLANG_WARN_DIRECT_OBJC_ISA_USAGE = YES_ERROR;
				CLANG_WARN_EMPTY_BODY = YES;
				CLANG_WARN_ENUM_CONVERSION = YES;
				CLANG_WARN_INT_CONVERSION = YES;
				CLANG_WARN_OBJC_ROOT_CLASS = YES_ERROR;
				CLANG_WARN_UNREACHABLE_CODE = YES;
				CLANG_WARN__DUPLICATE_METHOD_MATCH = YES;
				"CODE_SIGN_IDENTITY[sdk=iphoneos*]" = "iPhone Developer";
				COPY_PHASE_STRIP = NO;
				DEBUG_INFORMATION_FORMAT = dwarf;
				ENABLE_STRICT_OBJC_MSGSEND = YES;
				ENABLE_TESTABILITY = YES;
				GCC_C_LANGUAGE_STANDARD = gnu99;
				GCC_DYNAMIC_NO_PIC = NO;
				GCC_NO_COMMON_BLOCKS = YES;
				GCC_OPTIMIZATION_LEVEL = 0;
				GCC_PREPROCESSOR_DEFINITIONS = (
					"DEBUG=1",
					"$(inherited)",
				);
				GCC_WARN_64_TO_32_BIT_CONVERSION = YES;
				GCC_WARN_ABOUT_RETURN_TYPE = YES_ERROR;
				GCC_WARN_UNDECLARED_SELECTOR = YES;
				GCC_WARN_UNINITIALIZED_AUTOS = YES_AGGRESSIVE;
				GCC_WARN_UNUSED_FUNCTION = YES;
				GCC_WARN_UNUSED_VARIABLE = YES;
				IPHONEOS_DEPLOYMENT_TARGET = 9.2;
				MTL_ENABLE_DEBUG_INFO = YES;
				ONLY_ACTIVE_ARCH = YES;
				SDKROOT = iphoneos;
				TARGETED_DEVICE_FAMILY = "1,2";
			};
			name = Debug;
		};
		C42BDAD11D07E9D700DD3802 /* Release */ = {
			isa = XCBuildConfiguration;
			buildSettings = {
				ALWAYS_SEARCH_USER_PATHS = NO;
				CLANG_CXX_LANGUAGE_STANDARD = "gnu++0x";
				CLANG_CXX_LIBRARY = "libc++";
				CLANG_ENABLE_MODULES = YES;
				CLANG_ENABLE_OBJC_ARC = YES;
				CLANG_WARN_BOOL_CONVERSION = YES;
				CLANG_WARN_CONSTANT_CONVERSION = YES;
				CLANG_WARN_DIRECT_OBJC_ISA_USAGE = YES_ERROR;
				CLANG_WARN_EMPTY_BODY = YES;
				CLANG_WARN_ENUM_CONVERSION = YES;
				CLANG_WARN_INT_CONVERSION = YES;
				CLANG_WARN_OBJC_ROOT_CLASS = YES_ERROR;
				CLANG_WARN_UNREACHABLE_CODE = YES;
				CLANG_WARN__DUPLICATE_METHOD_MATCH = YES;
				"CODE_SIGN_IDENTITY[sdk=iphoneos*]" = "iPhone Developer";
				COPY_PHASE_STRIP = NO;
				DEBUG_INFORMATION_FORMAT = "dwarf-with-dsym";
				ENABLE_NS_ASSERTIONS = NO;
				ENABLE_STRICT_OBJC_MSGSEND = YES;
				GCC_C_LANGUAGE_STANDARD = gnu99;
				GCC_NO_COMMON_BLOCKS = YES;
				GCC_WARN_64_TO_32_BIT_CONVERSION = YES;
				GCC_WARN_ABOUT_RETURN_TYPE = YES_ERROR;
				GCC_WARN_UNDECLARED_SELECTOR = YES;
				GCC_WARN_UNINITIALIZED_AUTOS = YES_AGGRESSIVE;
				GCC_WARN_UNUSED_FUNCTION = YES;
				GCC_WARN_UNUSED_VARIABLE = YES;
				IPHONEOS_DEPLOYMENT_TARGET = 9.2;
				MTL_ENABLE_DEBUG_INFO = NO;
				SDKROOT = iphoneos;
				TARGETED_DEVICE_FAMILY = "1,2";
				VALIDATE_PRODUCT = YES;
			};
			name = Release;
		};
		C42BDAD31D07E9D700DD3802 /* Debug */ = {
			isa = XCBuildConfiguration;
			buildSettings = {
				ASSETCATALOG_COMPILER_APPICON_NAME = AppIcon;
				CODE_SIGN_IDENTITY = "iPhone Developer";
				INFOPLIST_FILE = chapter6_10/Info.plist;
				LD_RUNPATH_SEARCH_PATHS = "$(inherited) @executable_path/Frameworks";
				PRODUCT_BUNDLE_IDENTIFIER = "com.rong360.chapter6-10";
				PRODUCT_NAME = "$(TARGET_NAME)";
			};
			name = Debug;
		};
		C42BDAD41D07E9D700DD3802 /* Release */ = {
			isa = XCBuildConfiguration;
			buildSettings = {
				ASSETCATALOG_COMPILER_APPICON_NAME = AppIcon;
				CODE_SIGN_IDENTITY = "iPhone Developer";
				INFOPLIST_FILE = chapter6_10/Info.plist;
				LD_RUNPATH_SEARCH_PATHS = "$(inherited) @executable_path/Frameworks";
				PRODUCT_BUNDLE_IDENTIFIER = "com.rong360.chapter6-10";
				PRODUCT_NAME = "$(TARGET_NAME)";
			};
			name = Release;
		};
/* End XCBuildConfiguration section */

/* Begin XCConfigurationList section */
		C42BDAB61D07E9D600DD3802 /* Build configuration list for PBXProject "chapter6_10" */ = {
			isa = XCConfigurationList;
			buildConfigurations = (
				C42BDAD01D07E9D700DD3802 /* Debug */,
				C42BDAD11D07E9D700DD3802 /* Release */,
			);
			defaultConfigurationIsVisible = 0;
			defaultConfigurationName = Release;
		};
		C42BDAD21D07E9D700DD3802 /* Build configuration list for PBXNativeTarget "chapter6_10" */ = {
			isa = XCConfigurationList;
			buildConfigurations = (
				C42BDAD31D07E9D700DD3802 /* Debug */,
				C42BDAD41D07E9D700DD3802 /* Release */,
			);
			defaultConfigurationIsVisible = 0;
			defaultConfigurationName = Release;
		};
/* End XCConfigurationList section */
	};
	rootObject = C42BDAB31D07E9D600DD3802 /* Project object */;
}
