// !$*UTF8*$!
{
	archiveVersion = 1;
	classes = {
	};
	objectVersion = 46;
	objects = {

/* Begin PBXBuildFile section */
		C452CDAA1D63182B00CEF49A /* main.m in Sources */ = {isa = PBXBuildFile; fileRef = C452CDA91D63182B00CEF49A /* main.m */; };
		C452CDAD1D63182B00CEF49A /* AppDelegate.m in Sources */ = {isa = PBXBuildFile; fileRef = C452CDAC1D63182B00CEF49A /* AppDelegate.m */; };
		C452CDB01D63182B00CEF49A /* ViewController.m in Sources */ = {isa = PBXBuildFile; fileRef = C452CDAF1D63182B00CEF49A /* ViewController.m */; };
		C452CDB31D63182B00CEF49A /* Main.storyboard in Resources */ = {isa = PBXBuildFile; fileRef = C452CDB11D63182B00CEF49A /* Main.storyboard */; };
		C452CDB51D63182B00CEF49A /* Assets.xcassets in Resources */ = {isa = PBXBuildFile; fileRef = C452CDB41D63182B00CEF49A /* Assets.xcassets */; };
		C452CDB81D63182B00CEF49A /* LaunchScreen.storyboard in Resources */ = {isa = PBXBuildFile; fileRef = C452CDB61D63182B00CEF49A /* LaunchScreen.storyboard */; };
/* End PBXBuildFile section */

/* Begin PBXFileReference section */
		C452CDA51D63182B00CEF49A /* chapter6_15.app */ = {isa = PBXFileReference; explicitFileType = wrapper.application; includeInIndex = 0; path = chapter6_15.app; sourceTree = BUILT_PRODUCTS_DIR; };
		C452CDA91D63182B00CEF49A /* main.m */ = {isa = PBXFileReference; lastKnownFileType = sourcecode.c.objc; path = main.m; sourceTree = "<group>"; };
		C452CDAB1D63182B00CEF49A /* AppDelegate.h */ = {isa = PBXFileReference; lastKnownFileType = sourcecode.c.h; path = AppDelegate.h; sourceTree = "<group>"; };
		C452CDAC1D63182B00CEF49A /* AppDelegate.m */ = {isa = PBXFileReference; lastKnownFileType = sourcecode.c.objc; path = AppDelegate.m; sourceTree = "<group>"; };
		C452CDAE1D63182B00CEF49A /* ViewController.h */ = {isa = PBXFileReference; lastKnownFileType = sourcecode.c.h; path = ViewController.h; sourceTree = "<group>"; };
		C452CDAF1D63182B00CEF49A /* ViewController.m */ = {isa = PBXFileReference; lastKnownFileType = sourcecode.c.objc; path = ViewController.m; sourceTree = "<group>"; };
		C452CDB21D63182B00CEF49A /* Base */ = {isa = PBXFileReference; lastKnownFileType = file.storyboard; name = Base; path = Base.lproj/Main.storyboard; sourceTree = "<group>"; };
		C452CDB41D63182B00CEF49A /* Assets.xcassets */ = {isa = PBXFileReference; lastKnownFileType = folder.assetcatalog; path = Assets.xcassets; sourceTree = "<group>"; };
		C452CDB71D63182B00CEF49A /* Base */ = {isa = PBXFileReference; lastKnownFileType = file.storyboard; name = Base; path = Base.lproj/LaunchScreen.storyboard; sourceTree = "<group>"; };
		C452CDB91D63182B00CEF49A /* Info.plist */ = {isa = PBXFileReference; lastKnownFileType = text.plist.xml; path = Info.plist; sourceTree = "<group>"; };
/* End PBXFileReference section */

/* Begin PBXFrameworksBuildPhase section */
		C452CDA21D63182B00CEF49A /* Frameworks */ = {
			isa = PBXFrameworksBuildPhase;
			buildActionMask = 2147483647;
			files = (
			);
			runOnlyForDeploymentPostprocessing = 0;
		};
/* End PBXFrameworksBuildPhase section */

/* Begin PBXGroup section */
		C452CD9C1D63182B00CEF49A = {
			isa = PBXGroup;
			children = (
				C452CDA71D63182B00CEF49A /* chapter6_15 */,
				C452CDA61D63182B00CEF49A /* Products */,
			);
			sourceTree = "<group>";
		};
		C452CDA61D63182B00CEF49A /* Products */ = {
			isa = PBXGroup;
			children = (
				C452CDA51D63182B00CEF49A /* chapter6_15.app */,
			);
			name = Products;
			sourceTree = "<group>";
		};
		C452CDA71D63182B00CEF49A /* chapter6_15 */ = {
			isa = PBXGroup;
			children = (
				C452CDAB1D63182B00CEF49A /* AppDelegate.h */,
				C452CDAC1D63182B00CEF49A /* AppDelegate.m */,
				C452CDAE1D63182B00CEF49A /* ViewController.h */,
				C452CDAF1D63182B00CEF49A /* ViewController.m */,
				C452CDB11D63182B00CEF49A /* Main.storyboard */,
				C452CDB41D63182B00CEF49A /* Assets.xcassets */,
				C452CDB61D63182B00CEF49A /* LaunchScreen.storyboard */,
				C452CDB91D63182B00CEF49A /* Info.plist */,
				C452CDA81D63182B00CEF49A /* Supporting Files */,
			);
			path = chapter6_15;
			sourceTree = "<group>";
		};
		C452CDA81D63182B00CEF49A /* Supporting Files */ = {
			isa = PBXGroup;
			children = (
				C452CDA91D63182B00CEF49A /* main.m */,
			);
			name = "Supporting Files";
			sourceTree = "<group>";
		};
/* End PBXGroup section */

/* Begin PBXNativeTarget section */
		C452CDA41D63182B00CEF49A /* chapter6_15 */ = {
			isa = PBXNativeTarget;
			buildConfigurationList = C452CDBC1D63182B00CEF49A /* Build configuration list for PBXNativeTarget "chapter6_15" */;
			buildPhases = (
				C452CDA11D63182B00CEF49A /* Sources */,
				C452CDA21D63182B00CEF49A /* Frameworks */,
				C452CDA31D63182B00CEF49A /* Resources */,
			);
			buildRules = (
			);
			dependencies = (
			);
			name = chapter6_15;
			productName = chapter6_15;
			productReference = C452CDA51D63182B00CEF49A /* chapter6_15.app */;
			productType = "com.apple.product-type.application";
		};
/* End PBXNativeTarget section */

/* Begin PBXProject section */
		C452CD9D1D63182B00CEF49A /* Project object */ = {
			isa = PBXProject;
			attributes = {
				LastUpgradeCheck = 0730;
				ORGANIZATIONNAME = zmx;
				TargetAttributes = {
					C452CDA41D63182B00CEF49A = {
						CreatedOnToolsVersion = 7.3.1;
					};
				};
			};
			buildConfigurationList = C452CDA01D63182B00CEF49A /* Build configuration list for PBXProject "chapter6_15" */;
			compatibilityVersion = "Xcode 3.2";
			developmentRegion = English;
			hasScannedForEncodings = 0;
			knownRegions = (
				en,
				Base,
			);
			mainGroup = C452CD9C1D63182B00CEF49A;
			productRefGroup = C452CDA61D63182B00CEF49A /* Products */;
			projectDirPath = "";
			projectRoot = "";
			targets = (
				C452CDA41D63182B00CEF49A /* chapter6_15 */,
			);
		};
/* End PBXProject section */

/* Begin PBXResourcesBuildPhase section */
		C452CDA31D63182B00CEF49A /* Resources */ = {
			isa = PBXResourcesBuildPhase;
			buildActionMask = 2147483647;
			files = (
				C452CDB81D63182B00CEF49A /* LaunchScreen.storyboard in Resources */,
				C452CDB51D63182B00CEF49A /* Assets.xcassets in Resources */,
				C452CDB31D63182B00CEF49A /* Main.storyboard in Resources */,
			);
			runOnlyForDeploymentPostprocessing = 0;
		};
/* End PBXResourcesBuildPhase section */

/* Begin PBXSourcesBuildPhase section */
		C452CDA11D63182B00CEF49A /* Sources */ = {
			isa = PBXSourcesBuildPhase;
			buildActionMask = 2147483647;
			files = (
				C452CDB01D63182B00CEF49A /* ViewController.m in Sources */,
				C452CDAD1D63182B00CEF49A /* AppDelegate.m in Sources */,
				C452CDAA1D63182B00CEF49A /* main.m in Sources */,
			);
			runOnlyForDeploymentPostprocessing = 0;
		};
/* End PBXSourcesBuildPhase section */

/* Begin PBXVariantGroup section */
		C452CDB11D63182B00CEF49A /* Main.storyboard */ = {
			isa = PBXVariantGroup;
			children = (
				C452CDB21D63182B00CEF49A /* Base */,
			);
			name = Main.storyboard;
			sourceTree = "<group>";
		};
		C452CDB61D63182B00CEF49A /* LaunchScreen.storyboard */ = {
			isa = PBXVariantGroup;
			children = (
				C452CDB71D63182B00CEF49A /* Base */,
			);
			name = LaunchScreen.storyboard;
			sourceTree = "<group>";
		};
/* End PBXVariantGroup section */

/* Begin XCBuildConfiguration section */
		C452CDBA1D63182B00CEF49A /* Debug */ = {
			isa = XCBuildConfiguration;
			buildSettings = {
				ALWAYS_SEARCH_USER_PATHS = NO;
				CLANG_ANALYZER_NONNULL = YES;
				CLANG_CXX_LANGUAGE_STANDARD = "gnu++0x";
				CLANG_CXX_LIBRARY = "libc++";
				CLANG_ENABLE_MODULES = YES;
				CLANG_ENABLE_OBJC_ARC = YES;
				CLANG_WARN_BOOL_CONVERSION = YES;
				CLANG_WARN_CONSTANT_CONVERSION = YES;
				CLANG_WARN_DIRECT_OBJC_ISA_USAGE = YES_ERROR;
				CLANG_WARN_EMPTY_BODY = YES;
				CLANG_WARN_ENUM_CONVERSION = YES;
				CLANG_WARN_INT_CONVERSION = YES;
				CLANG_WARN_OBJC_ROOT_CLASS = YES_ERROR;
				CLANG_WARN_UNREACHABLE_CODE = YES;
				CLANG_WARN__DUPLICATE_METHOD_MATCH = YES;
				"CODE_SIGN_IDENTITY[sdk=iphoneos*]" = "iPhone Developer";
				COPY_PHASE_STRIP = NO;
				DEBUG_INFORMATION_FORMAT = dwarf;
				ENABLE_STRICT_OBJC_MSGSEND = YES;
				ENABLE_TESTABILITY = YES;
				GCC_C_LANGUAGE_STANDARD = gnu99;
				GCC_DYNAMIC_NO_PIC = NO;
				GCC_NO_COMMON_BLOCKS = YES;
				GCC_OPTIMIZATION_LEVEL = 0;
				GCC_PREPROCESSOR_DEFINITIONS = (
					"DEBUG=1",
					"$(inherited)",
				);
				GCC_WARN_64_TO_32_BIT_CONVERSION = YES;
				GCC_WARN_ABOUT_RETURN_TYPE = YES_ERROR;
				GCC_WARN_UNDECLARED_SELECTOR = YES;
				GCC_WARN_UNINITIALIZED_AUTOS = YES_AGGRESSIVE;
				GCC_WARN_UNUSED_FUNCTION = YES;
				GCC_WARN_UNUSED_VARIABLE = YES;
				IPHONEOS_DEPLOYMENT_TARGET = 9.3;
				MTL_ENABLE_DEBUG_INFO = YES;
				ONLY_ACTIVE_ARCH = YES;
				SDKROOT = iphoneos;
				TARGETED_DEVICE_FAMILY = "1,2";
			};
			name = Debug;
		};
		C452CDBB1D63182B00CEF49A /* Release */ = {
			isa = XCBuildConfiguration;
			buildSettings = {
				ALWAYS_SEARCH_USER_PATHS = NO;
				CLANG_ANALYZER_NONNULL = YES;
				CLANG_CXX_LANGUAGE_STANDARD = "gnu++0x";
				CLANG_CXX_LIBRARY = "libc++";
				CLANG_ENABLE_MODULES = YES;
				CLANG_ENABLE_OBJC_ARC = YES;
				CLANG_WARN_BOOL_CONVERSION = YES;
				CLANG_WARN_CONSTANT_CONVERSION = YES;
				CLANG_WARN_DIRECT_OBJC_ISA_USAGE = YES_ERROR;
				CLANG_WARN_EMPTY_BODY = YES;
				CLANG_WARN_ENUM_CONVERSION = YES;
				CLANG_WARN_INT_CONVERSION = YES;
				CLANG_WARN_OBJC_ROOT_CLASS = YES_ERROR;
				CLANG_WARN_UNREACHABLE_CODE = YES;
				CLANG_WARN__DUPLICATE_METHOD_MATCH = YES;
				"CODE_SIGN_IDENTITY[sdk=iphoneos*]" = "iPhone Developer";
				COPY_PHASE_STRIP = NO;
				DEBUG_INFORMATION_FORMAT = "dwarf-with-dsym";
				ENABLE_NS_ASSERTIONS = NO;
				ENABLE_STRICT_OBJC_MSGSEND = YES;
				GCC_C_LANGUAGE_STANDARD = gnu99;
				GCC_NO_COMMON_BLOCKS = YES;
				GCC_WARN_64_TO_32_BIT_CONVERSION = YES;
				GCC_WARN_ABOUT_RETURN_TYPE = YES_ERROR;
				GCC_WARN_UNDECLARED_SELECTOR = YES;
				GCC_WARN_UNINITIALIZED_AUTOS = YES_AGGRESSIVE;
				GCC_WARN_UNUSED_FUNCTION = YES;
				GCC_WARN_UNUSED_VARIABLE = YES;
				IPHONEOS_DEPLOYMENT_TARGET = 9.3;
				MTL_ENABLE_DEBUG_INFO = NO;
				SDKROOT = iphoneos;
				TARGETED_DEVICE_FAMILY = "1,2";
				VALIDATE_PRODUCT = YES;
			};
			name = Release;
		};
		C452CDBD1D63182B00CEF49A /* Debug */ = {
			isa = XCBuildConfiguration;
			buildSettings = {
				ASSETCATALOG_COMPILER_APPICON_NAME = AppIcon;
				INFOPLIST_FILE = chapter6_15/Info.plist;
				LD_RUNPATH_SEARCH_PATHS = "$(inherited) @executable_path/Frameworks";
				PRODUCT_BUNDLE_IDENTIFIER = "com.rong360.chapter6-15";
				PRODUCT_NAME = "$(TARGET_NAME)";
			};
			name = Debug;
		};
		C452CDBE1D63182B00CEF49A /* Release */ = {
			isa = XCBuildConfiguration;
			buildSettings = {
				ASSETCATALOG_COMPILER_APPICON_NAME = AppIcon;
				INFOPLIST_FILE = chapter6_15/Info.plist;
				LD_RUNPATH_SEARCH_PATHS = "$(inherited) @executable_path/Frameworks";
				PRODUCT_BUNDLE_IDENTIFIER = "com.rong360.chapter6-15";
				PRODUCT_NAME = "$(TARGET_NAME)";
			};
			name = Release;
		};
/* End XCBuildConfiguration section */

/* Begin XCConfigurationList section */
		C452CDA01D63182B00CEF49A /* Build configuration list for PBXProject "chapter6_15" */ = {
			isa = XCConfigurationList;
			buildConfigurations = (
				C452CDBA1D63182B00CEF49A /* Debug */,
				C452CDBB1D63182B00CEF49A /* Release */,
			);
			defaultConfigurationIsVisible = 0;
			defaultConfigurationName = Release;
		};
		C452CDBC1D63182B00CEF49A /* Build configuration list for PBXNativeTarget "chapter6_15" */ = {
			isa = XCConfigurationList;
			buildConfigurations = (
				C452CDBD1D63182B00CEF49A /* Debug */,
				C452CDBE1D63182B00CEF49A /* Release */,
			);
			defaultConfigurationIsVisible = 0;
		};
/* End XCConfigurationList section */
	};
	rootObject = C452CD9D1D63182B00CEF49A /* Project object */;
}
