// !$*UTF8*$!
{
	archiveVersion = 1;
	classes = {
	};
	objectVersion = 46;
	objects = {

/* Begin PBXBuildFile section */
		C45705061C71BF4D000C84AB /* main.m in Sources */ = {isa = PBXBuildFile; fileRef = C45705051C71BF4D000C84AB /* main.m */; };
		C45705091C71BF4D000C84AB /* AppDelegate.m in Sources */ = {isa = PBXBuildFile; fileRef = C45705081C71BF4D000C84AB /* AppDelegate.m */; };
		C457050C1C71BF4D000C84AB /* ViewController.m in Sources */ = {isa = PBXBuildFile; fileRef = C457050B1C71BF4D000C84AB /* ViewController.m */; };
		C457050F1C71BF4D000C84AB /* Main.storyboard in Resources */ = {isa = PBXBuildFile; fileRef = C457050D1C71BF4D000C84AB /* Main.storyboard */; };
		C45705111C71BF4D000C84AB /* Assets.xcassets in Resources */ = {isa = PBXBuildFile; fileRef = C45705101C71BF4D000C84AB /* Assets.xcassets */; };
		C45705141C71BF4D000C84AB /* LaunchScreen.storyboard in Resources */ = {isa = PBXBuildFile; fileRef = C45705121C71BF4D000C84AB /* LaunchScreen.storyboard */; };
		C457051C1C71BFDF000C84AB /* account_home_header_disable@2x.png in Resources */ = {isa = PBXBuildFile; fileRef = C457051B1C71BFDF000C84AB /* account_home_header_disable@2x.png */; };
/* End PBXBuildFile section */

/* Begin PBXFileReference section */
		C45705011C71BF4D000C84AB /* chapter5_2.app */ = {isa = PBXFileReference; explicitFileType = wrapper.application; includeInIndex = 0; path = chapter5_2.app; sourceTree = BUILT_PRODUCTS_DIR; };
		C45705051C71BF4D000C84AB /* main.m */ = {isa = PBXFileReference; lastKnownFileType = sourcecode.c.objc; path = main.m; sourceTree = "<group>"; };
		C45705071C71BF4D000C84AB /* AppDelegate.h */ = {isa = PBXFileReference; lastKnownFileType = sourcecode.c.h; path = AppDelegate.h; sourceTree = "<group>"; };
		C45705081C71BF4D000C84AB /* AppDelegate.m */ = {isa = PBXFileReference; lastKnownFileType = sourcecode.c.objc; path = AppDelegate.m; sourceTree = "<group>"; };
		C457050A1C71BF4D000C84AB /* ViewController.h */ = {isa = PBXFileReference; lastKnownFileType = sourcecode.c.h; path = ViewController.h; sourceTree = "<group>"; };
		C457050B1C71BF4D000C84AB /* ViewController.m */ = {isa = PBXFileReference; lastKnownFileType = sourcecode.c.objc; path = ViewController.m; sourceTree = "<group>"; };
		C457050E1C71BF4D000C84AB /* Base */ = {isa = PBXFileReference; lastKnownFileType = file.storyboard; name = Base; path = Base.lproj/Main.storyboard; sourceTree = "<group>"; };
		C45705101C71BF4D000C84AB /* Assets.xcassets */ = {isa = PBXFileReference; lastKnownFileType = folder.assetcatalog; path = Assets.xcassets; sourceTree = "<group>"; };
		C45705131C71BF4D000C84AB /* Base */ = {isa = PBXFileReference; lastKnownFileType = file.storyboard; name = Base; path = Base.lproj/LaunchScreen.storyboard; sourceTree = "<group>"; };
		C45705151C71BF4D000C84AB /* Info.plist */ = {isa = PBXFileReference; lastKnownFileType = text.plist.xml; path = Info.plist; sourceTree = "<group>"; };
		C457051B1C71BFDF000C84AB /* account_home_header_disable@2x.png */ = {isa = PBXFileReference; lastKnownFileType = image.png; path = "account_home_header_disable@2x.png"; sourceTree = "<group>"; };
/* End PBXFileReference section */

/* Begin PBXFrameworksBuildPhase section */
		C45704FE1C71BF4D000C84AB /* Frameworks */ = {
			isa = PBXFrameworksBuildPhase;
			buildActionMask = 2147483647;
			files = (
			);
			runOnlyForDeploymentPostprocessing = 0;
		};
/* End PBXFrameworksBuildPhase section */

/* Begin PBXGroup section */
		C45704F81C71BF4D000C84AB = {
			isa = PBXGroup;
			children = (
				C45705031C71BF4D000C84AB /* chapter5_2 */,
				C45705021C71BF4D000C84AB /* Products */,
			);
			sourceTree = "<group>";
		};
		C45705021C71BF4D000C84AB /* Products */ = {
			isa = PBXGroup;
			children = (
				C45705011C71BF4D000C84AB /* chapter5_2.app */,
			);
			name = Products;
			sourceTree = "<group>";
		};
		C45705031C71BF4D000C84AB /* chapter5_2 */ = {
			isa = PBXGroup;
			children = (
				C45705071C71BF4D000C84AB /* AppDelegate.h */,
				C45705081C71BF4D000C84AB /* AppDelegate.m */,
				C457050A1C71BF4D000C84AB /* ViewController.h */,
				C457050B1C71BF4D000C84AB /* ViewController.m */,
				C457051B1C71BFDF000C84AB /* account_home_header_disable@2x.png */,
				C457050D1C71BF4D000C84AB /* Main.storyboard */,
				C45705101C71BF4D000C84AB /* Assets.xcassets */,
				C45705121C71BF4D000C84AB /* LaunchScreen.storyboard */,
				C45705151C71BF4D000C84AB /* Info.plist */,
				C45705041C71BF4D000C84AB /* Supporting Files */,
			);
			path = chapter5_2;
			sourceTree = "<group>";
		};
		C45705041C71BF4D000C84AB /* Supporting Files */ = {
			isa = PBXGroup;
			children = (
				C45705051C71BF4D000C84AB /* main.m */,
			);
			name = "Supporting Files";
			sourceTree = "<group>";
		};
/* End PBXGroup section */

/* Begin PBXNativeTarget section */
		C45705001C71BF4D000C84AB /* chapter5_2 */ = {
			isa = PBXNativeTarget;
			buildConfigurationList = C45705181C71BF4D000C84AB /* Build configuration list for PBXNativeTarget "chapter5_2" */;
			buildPhases = (
				C45704FD1C71BF4D000C84AB /* Sources */,
				C45704FE1C71BF4D000C84AB /* Frameworks */,
				C45704FF1C71BF4D000C84AB /* Resources */,
			);
			buildRules = (
			);
			dependencies = (
			);
			name = chapter5_2;
			productName = chapter5_2;
			productReference = C45705011C71BF4D000C84AB /* chapter5_2.app */;
			productType = "com.apple.product-type.application";
		};
/* End PBXNativeTarget section */

/* Begin PBXProject section */
		C45704F91C71BF4D000C84AB /* Project object */ = {
			isa = PBXProject;
			attributes = {
				LastUpgradeCheck = 0720;
				ORGANIZATIONNAME = rong360;
				TargetAttributes = {
					C45705001C71BF4D000C84AB = {
						CreatedOnToolsVersion = 7.2;
					};
				};
			};
			buildConfigurationList = C45704FC1C71BF4D000C84AB /* Build configuration list for PBXProject "chapter5_2" */;
			compatibilityVersion = "Xcode 3.2";
			developmentRegion = English;
			hasScannedForEncodings = 0;
			knownRegions = (
				en,
				Base,
			);
			mainGroup = C45704F81C71BF4D000C84AB;
			productRefGroup = C45705021C71BF4D000C84AB /* Products */;
			projectDirPath = "";
			projectRoot = "";
			targets = (
				C45705001C71BF4D000C84AB /* chapter5_2 */,
			);
		};
/* End PBXProject section */

/* Begin PBXResourcesBuildPhase section */
		C45704FF1C71BF4D000C84AB /* Resources */ = {
			isa = PBXResourcesBuildPhase;
			buildActionMask = 2147483647;
			files = (
				C45705141C71BF4D000C84AB /* LaunchScreen.storyboard in Resources */,
				C45705111C71BF4D000C84AB /* Assets.xcassets in Resources */,
				C457050F1C71BF4D000C84AB /* Main.storyboard in Resources */,
				C457051C1C71BFDF000C84AB /* account_home_header_disable@2x.png in Resources */,
			);
			runOnlyForDeploymentPostprocessing = 0;
		};
/* End PBXResourcesBuildPhase section */

/* Begin PBXSourcesBuildPhase section */
		C45704FD1C71BF4D000C84AB /* Sources */ = {
			isa = PBXSourcesBuildPhase;
			buildActionMask = 2147483647;
			files = (
				C457050C1C71BF4D000C84AB /* ViewController.m in Sources */,
				C45705091C71BF4D000C84AB /* AppDelegate.m in Sources */,
				C45705061C71BF4D000C84AB /* main.m in Sources */,
			);
			runOnlyForDeploymentPostprocessing = 0;
		};
/* End PBXSourcesBuildPhase section */

/* Begin PBXVariantGroup section */
		C457050D1C71BF4D000C84AB /* Main.storyboard */ = {
			isa = PBXVariantGroup;
			children = (
				C457050E1C71BF4D000C84AB /* Base */,
			);
			name = Main.storyboard;
			sourceTree = "<group>";
		};
		C45705121C71BF4D000C84AB /* LaunchScreen.storyboard */ = {
			isa = PBXVariantGroup;
			children = (
				C45705131C71BF4D000C84AB /* Base */,
			);
			name = LaunchScreen.storyboard;
			sourceTree = "<group>";
		};
/* End PBXVariantGroup section */

/* Begin XCBuildConfiguration section */
		C45705161C71BF4D000C84AB /* Debug */ = {
			isa = XCBuildConfiguration;
			buildSettings = {
				ALWAYS_SEARCH_USER_PATHS = NO;
				CLANG_CXX_LANGUAGE_STANDARD = "gnu++0x";
				CLANG_CXX_LIBRARY = "libc++";
				CLANG_ENABLE_MODULES = YES;
				CLANG_ENABLE_OBJC_ARC = YES;
				CLANG_WARN_BOOL_CONVERSION = YES;
				CLANG_WARN_CONSTANT_CONVERSION = YES;
				CLANG_WARN_DIRECT_OBJC_ISA_USAGE = YES_ERROR;
				CLANG_WARN_EMPTY_BODY = YES;
				CLANG_WARN_ENUM_CONVERSION = YES;
				CLANG_WARN_INT_CONVERSION = YES;
				CLANG_WARN_OBJC_ROOT_CLASS = YES_ERROR;
				CLANG_WARN_UNREACHABLE_CODE = YES;
				CLANG_WARN__DUPLICATE_METHOD_MATCH = YES;
				"CODE_SIGN_IDENTITY[sdk=iphoneos*]" = "iPhone Developer";
				COPY_PHASE_STRIP = NO;
				DEBUG_INFORMATION_FORMAT = dwarf;
				ENABLE_STRICT_OBJC_MSGSEND = YES;
				ENABLE_TESTABILITY = YES;
				GCC_C_LANGUAGE_STANDARD = gnu99;
				GCC_DYNAMIC_NO_PIC = NO;
				GCC_NO_COMMON_BLOCKS = YES;
				GCC_OPTIMIZATION_LEVEL = 0;
				GCC_PREPROCESSOR_DEFINITIONS = (
					"DEBUG=1",
					"$(inherited)",
				);
				GCC_WARN_64_TO_32_BIT_CONVERSION = YES;
				GCC_WARN_ABOUT_RETURN_TYPE = YES_ERROR;
				GCC_WARN_UNDECLARED_SELECTOR = YES;
				GCC_WARN_UNINITIALIZED_AUTOS = YES_AGGRESSIVE;
				GCC_WARN_UNUSED_FUNCTION = YES;
				GCC_WARN_UNUSED_VARIABLE = YES;
				IPHONEOS_DEPLOYMENT_TARGET = 9.2;
				MTL_ENABLE_DEBUG_INFO = YES;
				ONLY_ACTIVE_ARCH = YES;
				SDKROOT = iphoneos;
			};
			name = Debug;
		};
		C45705171C71BF4D000C84AB /* Release */ = {
			isa = XCBuildConfiguration;
			buildSettings = {
				ALWAYS_SEARCH_USER_PATHS = NO;
				CLANG_CXX_LANGUAGE_STANDARD = "gnu++0x";
				CLANG_CXX_LIBRARY = "libc++";
				CLANG_ENABLE_MODULES = YES;
				CLANG_ENABLE_OBJC_ARC = YES;
				CLANG_WARN_BOOL_CONVERSION = YES;
				CLANG_WARN_CONSTANT_CONVERSION = YES;
				CLANG_WARN_DIRECT_OBJC_ISA_USAGE = YES_ERROR;
				CLANG_WARN_EMPTY_BODY = YES;
				CLANG_WARN_ENUM_CONVERSION = YES;
				CLANG_WARN_INT_CONVERSION = YES;
				CLANG_WARN_OBJC_ROOT_CLASS = YES_ERROR;
				CLANG_WARN_UNREACHABLE_CODE = YES;
				CLANG_WARN__DUPLICATE_METHOD_MATCH = YES;
				"CODE_SIGN_IDENTITY[sdk=iphoneos*]" = "iPhone Developer";
				COPY_PHASE_STRIP = NO;
				DEBUG_INFORMATION_FORMAT = "dwarf-with-dsym";
				ENABLE_NS_ASSERTIONS = NO;
				ENABLE_STRICT_OBJC_MSGSEND = YES;
				GCC_C_LANGUAGE_STANDARD = gnu99;
				GCC_NO_COMMON_BLOCKS = YES;
				GCC_WARN_64_TO_32_BIT_CONVERSION = YES;
				GCC_WARN_ABOUT_RETURN_TYPE = YES_ERROR;
				GCC_WARN_UNDECLARED_SELECTOR = YES;
				GCC_WARN_UNINITIALIZED_AUTOS = YES_AGGRESSIVE;
				GCC_WARN_UNUSED_FUNCTION = YES;
				GCC_WARN_UNUSED_VARIABLE = YES;
				IPHONEOS_DEPLOYMENT_TARGET = 9.2;
				MTL_ENABLE_DEBUG_INFO = NO;
				SDKROOT = iphoneos;
				VALIDATE_PRODUCT = YES;
			};
			name = Release;
		};
		C45705191C71BF4D000C84AB /* Debug */ = {
			isa = XCBuildConfiguration;
			buildSettings = {
				ASSETCATALOG_COMPILER_APPICON_NAME = AppIcon;
				INFOPLIST_FILE = chapter5_2/Info.plist;
				LD_RUNPATH_SEARCH_PATHS = "$(inherited) @executable_path/Frameworks";
				PRODUCT_BUNDLE_IDENTIFIER = "com.rong360.chapter5-2";
				PRODUCT_NAME = "$(TARGET_NAME)";
			};
			name = Debug;
		};
		C457051A1C71BF4D000C84AB /* Release */ = {
			isa = XCBuildConfiguration;
			buildSettings = {
				ASSETCATALOG_COMPILER_APPICON_NAME = AppIcon;
				INFOPLIST_FILE = chapter5_2/Info.plist;
				LD_RUNPATH_SEARCH_PATHS = "$(inherited) @executable_path/Frameworks";
				PRODUCT_BUNDLE_IDENTIFIER = "com.rong360.chapter5-2";
				PRODUCT_NAME = "$(TARGET_NAME)";
			};
			name = Release;
		};
/* End XCBuildConfiguration section */

/* Begin XCConfigurationList section */
		C45704FC1C71BF4D000C84AB /* Build configuration list for PBXProject "chapter5_2" */ = {
			isa = XCConfigurationList;
			buildConfigurations = (
				C45705161C71BF4D000C84AB /* Debug */,
				C45705171C71BF4D000C84AB /* Release */,
			);
			defaultConfigurationIsVisible = 0;
			defaultConfigurationName = Release;
		};
		C45705181C71BF4D000C84AB /* Build configuration list for PBXNativeTarget "chapter5_2" */ = {
			isa = XCConfigurationList;
			buildConfigurations = (
				C45705191C71BF4D000C84AB /* Debug */,
				C457051A1C71BF4D000C84AB /* Release */,
			);
			defaultConfigurationIsVisible = 0;
		};
/* End XCConfigurationList section */
	};
	rootObject = C45704F91C71BF4D000C84AB /* Project object */;
}
